// !$*UTF8*$!
{
	archiveVersion = 1;
	classes = {
	};
	objectVersion = 50;
	objects = {

/* Begin PBXBuildFile section */
		1B26E88F22BE76730065CD46 /* AppDelegate.swift in Sources */ = {isa = PBXBuildFile; fileRef = 1B26E88E22BE76730065CD46 /* AppDelegate.swift */; };
		1B26E89122BE76730065CD46 /* ViewController.swift in Sources */ = {isa = PBXBuildFile; fileRef = 1B26E89022BE76730065CD46 /* ViewController.swift */; };
		1B26E89622BE76760065CD46 /* Assets.xcassets in Resources */ = {isa = PBXBuildFile; fileRef = 1B26E89522BE76760065CD46 /* Assets.xcassets */; };
		1B26E89922BE76760065CD46 /* LaunchScreen.storyboard in Resources */ = {isa = PBXBuildFile; fileRef = 1B26E89722BE76760065CD46 /* LaunchScreen.storyboard */; };
		1B26E8AF22C2FF060065CD46 /* Alamofire.framework in Frameworks */ = {isa = PBXBuildFile; fileRef = 1B26E8AE22C2FF060065CD46 /* Alamofire.framework */; };
		1B26E8B122C2FF170065CD46 /* SwiftyJSON.framework in Frameworks */ = {isa = PBXBuildFile; fileRef = 1B26E8B022C2FF170065CD46 /* SwiftyJSON.framework */; };
		1B26E8B422C465D90065CD46 /* ViewController.xib in Resources */ = {isa = PBXBuildFile; fileRef = 1B26E8B322C465D90065CD46 /* ViewController.xib */; };
		1B26E8B722C669FD0065CD46 /* Default-568h@2x.png in Resources */ = {isa = PBXBuildFile; fileRef = 1B26E8B622C669FD0065CD46 /* Default-568h@2x.png */; };
		32E116A0FA446C9E12038896 /* libPods-OCRSwift.a in Frameworks */ = {isa = PBXBuildFile; fileRef = 9389F2E706F32A2983A177DF /* libPods-OCRSwift.a */; };
/* End PBXBuildFile section */

/* Begin PBXFileReference section */
		1B26E88B22BE76730065CD46 /* OCRSwift.app */ = {isa = PBXFileReference; explicitFileType = wrapper.application; includeInIndex = 0; path = OCRSwift.app; sourceTree = BUILT_PRODUCTS_DIR; };
		1B26E88E22BE76730065CD46 /* AppDelegate.swift */ = {isa = PBXFileReference; lastKnownFileType = sourcecode.swift; path = AppDelegate.swift; sourceTree = "<group>"; };
		1B26E89022BE76730065CD46 /* ViewController.swift */ = {isa = PBXFileReference; lastKnownFileType = sourcecode.swift; path = ViewController.swift; sourceTree = "<group>"; };
		1B26E89522BE76760065CD46 /* Assets.xcassets */ = {isa = PBXFileReference; lastKnownFileType = folder.assetcatalog; path = Assets.xcassets; sourceTree = "<group>"; };
		1B26E89822BE76760065CD46 /* Base */ = {isa = PBXFileReference; lastKnownFileType = file.storyboard; name = Base; path = Base.lproj/LaunchScreen.storyboard; sourceTree = "<group>"; };
		1B26E89A22BE76760065CD46 /* Info.plist */ = {isa = PBXFileReference; lastKnownFileType = text.plist.xml; path = Info.plist; sourceTree = "<group>"; };
		1B26E8AE22C2FF060065CD46 /* Alamofire.framework */ = {isa = PBXFileReference; lastKnownFileType = wrapper.framework; name = Alamofire.framework; path = Carthage/Build/iOS/Alamofire.framework; sourceTree = "<group>"; };
		1B26E8B022C2FF170065CD46 /* SwiftyJSON.framework */ = {isa = PBXFileReference; lastKnownFileType = wrapper.framework; name = SwiftyJSON.framework; path = Carthage/Build/iOS/SwiftyJSON.framework; sourceTree = "<group>"; };
		1B26E8B322C465D90065CD46 /* ViewController.xib */ = {isa = PBXFileReference; lastKnownFileType = file.xib; path = ViewController.xib; sourceTree = "<group>"; };
		1B26E8B622C669FD0065CD46 /* Default-568h@2x.png */ = {isa = PBXFileReference; lastKnownFileType = image.png; path = "Default-568h@2x.png"; sourceTree = "<group>"; };
		1B26E8B822C66A320065CD46 /* Assets.xcassets */ = {isa = PBXFileReference; lastKnownFileType = folder.assetcatalog; name = Assets.xcassets; path = /Users/ryusei/swift/OCRSwift/OCRSwift/Assets.xcassets; sourceTree = "<absolute>"; };
		9389F2E706F32A2983A177DF /* libPods-OCRSwift.a */ = {isa = PBXFileReference; explicitFileType = archive.ar; includeInIndex = 0; path = "libPods-OCRSwift.a"; sourceTree = BUILT_PRODUCTS_DIR; };
		E3772FE623DCFC1C839D1931 /* Pods-OCRSwift.release.xcconfig */ = {isa = PBXFileReference; includeInIndex = 1; lastKnownFileType = text.xcconfig; name = "Pods-OCRSwift.release.xcconfig"; path = "Target Support Files/Pods-OCRSwift/Pods-OCRSwift.release.xcconfig"; sourceTree = "<group>"; };
		F41165BBFB7D6A791A89DBC9 /* Pods-OCRSwift.debug.xcconfig */ = {isa = PBXFileReference; includeInIndex = 1; lastKnownFileType = text.xcconfig; name = "Pods-OCRSwift.debug.xcconfig"; path = "Target Support Files/Pods-OCRSwift/Pods-OCRSwift.debug.xcconfig"; sourceTree = "<group>"; };
/* End PBXFileReference section */

/* Begin PBXFrameworksBuildPhase section */
		1B26E88822BE76730065CD46 /* Frameworks */ = {
			isa = PBXFrameworksBuildPhase;
			buildActionMask = 2147483647;
			files = (
				1B26E8B122C2FF170065CD46 /* SwiftyJSON.framework in Frameworks */,
				1B26E8AF22C2FF060065CD46 /* Alamofire.framework in Frameworks */,
				32E116A0FA446C9E12038896 /* libPods-OCRSwift.a in Frameworks */,
			);
			runOnlyForDeploymentPostprocessing = 0;
		};
/* End PBXFrameworksBuildPhase section */

/* Begin PBXGroup section */
		1B26E88222BE76730065CD46 = {
			isa = PBXGroup;
			children = (
				1B26E8B622C669FD0065CD46 /* Default-568h@2x.png */,
				1B26E88D22BE76730065CD46 /* OCRSwift */,
				1B26E88C22BE76730065CD46 /* Products */,
				1B26E8AD22C2FF060065CD46 /* Frameworks */,
				CE2CCE6FED4A57BC4FAF28EE /* Pods */,
			);
			sourceTree = "<group>";
		};
		1B26E88C22BE76730065CD46 /* Products */ = {
			isa = PBXGroup;
			children = (
				1B26E88B22BE76730065CD46 /* OCRSwift.app */,
			);
			name = Products;
			sourceTree = "<group>";
		};
		1B26E88D22BE76730065CD46 /* OCRSwift */ = {
			isa = PBXGroup;
			children = (
				1B26E8B522C465F40065CD46 /* View */,
				1B26E88E22BE76730065CD46 /* AppDelegate.swift */,
				1B26E89522BE76760065CD46 /* Assets.xcassets */,
				1B26E8B822C66A320065CD46 /* Assets.xcassets */,
				1B26E89722BE76760065CD46 /* LaunchScreen.storyboard */,
				1B26E89A22BE76760065CD46 /* Info.plist */,
			);
			path = OCRSwift;
			sourceTree = "<group>";
		};
		1B26E8AD22C2FF060065CD46 /* Frameworks */ = {
			isa = PBXGroup;
			children = (
				1B26E8B022C2FF170065CD46 /* SwiftyJSON.framework */,
				1B26E8AE22C2FF060065CD46 /* Alamofire.framework */,
				9389F2E706F32A2983A177DF /* libPods-OCRSwift.a */,
			);
			name = Frameworks;
			sourceTree = "<group>";
		};
		1B26E8B522C465F40065CD46 /* View */ = {
			isa = PBXGroup;
			children = (
				1B26E89022BE76730065CD46 /* ViewController.swift */,
				1B26E8B322C465D90065CD46 /* ViewController.xib */,
			);
			path = View;
			sourceTree = "<group>";
		};
		CE2CCE6FED4A57BC4FAF28EE /* Pods */ = {
			isa = PBXGroup;
			children = (
				F41165BBFB7D6A791A89DBC9 /* Pods-OCRSwift.debug.xcconfig */,
				E3772FE623DCFC1C839D1931 /* Pods-OCRSwift.release.xcconfig */,
			);
			path = Pods;
			sourceTree = "<group>";
		};
/* End PBXGroup section */

/* Begin PBXNativeTarget section */
		1B26E88A22BE76730065CD46 /* OCRSwift */ = {
			isa = PBXNativeTarget;
			buildConfigurationList = 1B26E89D22BE76760065CD46 /* Build configuration list for PBXNativeTarget "OCRSwift" */;
			buildPhases = (
				E38062E1FB7955D277870B0C /* [CP] Check Pods Manifest.lock */,
				1B26E88722BE76730065CD46 /* Sources */,
				1B26E88822BE76730065CD46 /* Frameworks */,
				1B26E88922BE76730065CD46 /* Resources */,
				1B26E8B222C2FF4C0065CD46 /* ShellScript */,
				8B1452E02A683031CCC78067 /* [CP] Embed Pods Frameworks */,
				73B25483D3157F45F08BBFF9 /* [CP] Copy Pods Resources */,
			);
			buildRules = (
			);
			dependencies = (
			);
			name = OCRSwift;
			productName = OCRSwift;
			productReference = 1B26E88B22BE76730065CD46 /* OCRSwift.app */;
			productType = "com.apple.product-type.application";
		};
/* End PBXNativeTarget section */

/* Begin PBXProject section */
		1B26E88322BE76730065CD46 /* Project object */ = {
			isa = PBXProject;
			attributes = {
				LastSwiftUpdateCheck = 1020;
				LastUpgradeCheck = 1020;
				ORGANIZATIONNAME = "高野隆正";
				TargetAttributes = {
					1B26E88A22BE76730065CD46 = {
						CreatedOnToolsVersion = 10.2.1;
					};
				};
			};
			buildConfigurationList = 1B26E88622BE76730065CD46 /* Build configuration list for PBXProject "OCRSwift" */;
			compatibilityVersion = "Xcode 9.3";
			developmentRegion = en;
			hasScannedForEncodings = 0;
			knownRegions = (
				en,
				Base,
			);
			mainGroup = 1B26E88222BE76730065CD46;
			productRefGroup = 1B26E88C22BE76730065CD46 /* Products */;
			projectDirPath = "";
			projectRoot = "";
			targets = (
				1B26E88A22BE76730065CD46 /* OCRSwift */,
			);
		};
/* End PBXProject section */

/* Begin PBXResourcesBuildPhase section */
		1B26E88922BE76730065CD46 /* Resources */ = {
			isa = PBXResourcesBuildPhase;
			buildActionMask = 2147483647;
			files = (
				1B26E89922BE76760065CD46 /* LaunchScreen.storyboard in Resources */,
				1B26E8B722C669FD0065CD46 /* Default-568h@2x.png in Resources */,
				1B26E8B422C465D90065CD46 /* ViewController.xib in Resources */,
				1B26E89622BE76760065CD46 /* Assets.xcassets in Resources */,
			);
			runOnlyForDeploymentPostprocessing = 0;
		};
/* End PBXResourcesBuildPhase section */

/* Begin PBXShellScriptBuildPhase section */
		1B26E8B222C2FF4C0065CD46 /* ShellScript */ = {
			isa = PBXShellScriptBuildPhase;
			buildActionMask = 2147483647;
			files = (
			);
			inputFileListPaths = (
			);
			inputPaths = (
				"$(SRCROOT)/Carthage/Build/iOS/SwiftyJSON.framework",
				"$(SRCROOT)/Carthage/Build/iOS/Alamofire.framework",
			);
			outputFileListPaths = (
			);
			outputPaths = (
			);
			runOnlyForDeploymentPostprocessing = 0;
			shellPath = /bin/sh;
			shellScript = "/usr/local/bin/carthage copy-frameworks\n";
		};
		73B25483D3157F45F08BBFF9 /* [CP] Copy Pods Resources */ = {
			isa = PBXShellScriptBuildPhase;
			buildActionMask = 2147483647;
			files = (
			);
			inputFileListPaths = (
			);
			inputPaths = (
				"${PODS_ROOT}/Target Support Files/Pods-OCRSwift/Pods-OCRSwift-resources.sh",
				"${PODS_ROOT}/TwitterKit/iOS/TwitterKit.framework/TwitterKitResources.bundle",
			);
			name = "[CP] Copy Pods Resources";
			outputFileListPaths = (
			);
			outputPaths = (
				"${TARGET_BUILD_DIR}/${UNLOCALIZED_RESOURCES_FOLDER_PATH}/TwitterKitResources.bundle",
			);
			runOnlyForDeploymentPostprocessing = 0;
			shellPath = /bin/sh;
			shellScript = "\"${PODS_ROOT}/Target Support Files/Pods-OCRSwift/Pods-OCRSwift-resources.sh\"\n";
			showEnvVarsInLog = 0;
		};
		8B1452E02A683031CCC78067 /* [CP] Embed Pods Frameworks */ = {
			isa = PBXShellScriptBuildPhase;
			buildActionMask = 2147483647;
			files = (
			);
			inputFileListPaths = (
			);
			inputPaths = (
				"${PODS_ROOT}/Target Support Files/Pods-OCRSwift/Pods-OCRSwift-frameworks.sh",
				"${PODS_ROOT}/TwitterCore/iOS/TwitterCore.framework",
				"${PODS_ROOT}/TwitterKit/iOS/TwitterKit.framework",
			);
			name = "[CP] Embed Pods Frameworks";
			outputFileListPaths = (
			);
			outputPaths = (
				"${TARGET_BUILD_DIR}/${FRAMEWORKS_FOLDER_PATH}/TwitterCore.framework",
				"${TARGET_BUILD_DIR}/${FRAMEWORKS_FOLDER_PATH}/TwitterKit.framework",
			);
			runOnlyForDeploymentPostprocessing = 0;
			shellPath = /bin/sh;
			shellScript = "\"${PODS_ROOT}/Target Support Files/Pods-OCRSwift/Pods-OCRSwift-frameworks.sh\"\n";
			showEnvVarsInLog = 0;
		};
		E38062E1FB7955D277870B0C /* [CP] Check Pods Manifest.lock */ = {
			isa = PBXShellScriptBuildPhase;
			buildActionMask = 2147483647;
			files = (
			);
			inputFileListPaths = (
			);
			inputPaths = (
				"${PODS_PODFILE_DIR_PATH}/Podfile.lock",
				"${PODS_ROOT}/Manifest.lock",
			);
			name = "[CP] Check Pods Manifest.lock";
			outputFileListPaths = (
			);
			outputPaths = (
				"$(DERIVED_FILE_DIR)/Pods-OCRSwift-checkManifestLockResult.txt",
			);
			runOnlyForDeploymentPostprocessing = 0;
			shellPath = /bin/sh;
			shellScript = "diff \"${PODS_PODFILE_DIR_PATH}/Podfile.lock\" \"${PODS_ROOT}/Manifest.lock\" > /dev/null\nif [ $? != 0 ] ; then\n    # print error to STDERR\n    echo \"error: The sandbox is not in sync with the Podfile.lock. Run 'pod install' or update your CocoaPods installation.\" >&2\n    exit 1\nfi\n# This output is used by Xcode 'outputs' to avoid re-running this script phase.\necho \"SUCCESS\" > \"${SCRIPT_OUTPUT_FILE_0}\"\n";
			showEnvVarsInLog = 0;
		};
/* End PBXShellScriptBuildPhase section */

/* Begin PBXSourcesBuildPhase section */
		1B26E88722BE76730065CD46 /* Sources */ = {
			isa = PBXSourcesBuildPhase;
			buildActionMask = 2147483647;
			files = (
				1B26E89122BE76730065CD46 /* ViewController.swift in Sources */,
				1B26E88F22BE76730065CD46 /* AppDelegate.swift in Sources */,
			);
			runOnlyForDeploymentPostprocessing = 0;
		};
/* End PBXSourcesBuildPhase section */

/* Begin PBXVariantGroup section */
		1B26E89722BE76760065CD46 /* LaunchScreen.storyboard */ = {
			isa = PBXVariantGroup;
			children = (
				1B26E89822BE76760065CD46 /* Base */,
			);
			name = LaunchScreen.storyboard;
			sourceTree = "<group>";
		};
/* End PBXVariantGroup section */

/* Begin XCBuildConfiguration section */
		1B26E89B22BE76760065CD46 /* Debug */ = {
			isa = XCBuildConfiguration;
			buildSettings = {
				ALWAYS_SEARCH_USER_PATHS = NO;
				CLANG_ANALYZER_NONNULL = YES;
				CLANG_ANALYZER_NUMBER_OBJECT_CONVERSION = YES_AGGRESSIVE;
				CLANG_CXX_LANGUAGE_STANDARD = "gnu++14";
				CLANG_CXX_LIBRARY = "libc++";
				CLANG_ENABLE_MODULES = YES;
				CLANG_ENABLE_OBJC_ARC = YES;
				CLANG_ENABLE_OBJC_WEAK = YES;
				CLANG_WARN_BLOCK_CAPTURE_AUTORELEASING = YES;
				CLANG_WARN_BOOL_CONVERSION = YES;
				CLANG_WARN_COMMA = YES;
				CLANG_WARN_CONSTANT_CONVERSION = YES;
				CLANG_WARN_DEPRECATED_OBJC_IMPLEMENTATIONS = YES;
				CLANG_WARN_DIRECT_OBJC_ISA_USAGE = YES_ERROR;
				CLANG_WARN_DOCUMENTATION_COMMENTS = YES;
				CLANG_WARN_EMPTY_BODY = YES;
				CLANG_WARN_ENUM_CONVERSION = YES;
				CLANG_WARN_INFINITE_RECURSION = YES;
				CLANG_WARN_INT_CONVERSION = YES;
				CLANG_WARN_NON_LITERAL_NULL_CONVERSION = YES;
				CLANG_WARN_OBJC_IMPLICIT_RETAIN_SELF = YES;
				CLANG_WARN_OBJC_LITERAL_CONVERSION = YES;
				CLANG_WARN_OBJC_ROOT_CLASS = YES_ERROR;
				CLANG_WARN_RANGE_LOOP_ANALYSIS = YES;
				CLANG_WARN_STRICT_PROTOTYPES = YES;
				CLANG_WARN_SUSPICIOUS_MOVE = YES;
				CLANG_WARN_UNGUARDED_AVAILABILITY = YES_AGGRESSIVE;
				CLANG_WARN_UNREACHABLE_CODE = YES;
				CLANG_WARN__DUPLICATE_METHOD_MATCH = YES;
				CODE_SIGN_IDENTITY = "iPhone Developer";
				COPY_PHASE_STRIP = NO;
				DEBUG_INFORMATION_FORMAT = dwarf;
				ENABLE_STRICT_OBJC_MSGSEND = YES;
				ENABLE_TESTABILITY = YES;
				GCC_C_LANGUAGE_STANDARD = gnu11;
				GCC_DYNAMIC_NO_PIC = NO;
				GCC_NO_COMMON_BLOCKS = YES;
				GCC_OPTIMIZATION_LEVEL = 0;
				GCC_PREPROCESSOR_DEFINITIONS = (
					"DEBUG=1",
					"$(inherited)",
				);
				GCC_WARN_64_TO_32_BIT_CONVERSION = YES;
				GCC_WARN_ABOUT_RETURN_TYPE = YES_ERROR;
				GCC_WARN_UNDECLARED_SELECTOR = YES;
				GCC_WARN_UNINITIALIZED_AUTOS = YES_AGGRESSIVE;
				GCC_WARN_UNUSED_FUNCTION = YES;
				GCC_WARN_UNUSED_VARIABLE = YES;
				IPHONEOS_DEPLOYMENT_TARGET = 12.2;
				MTL_ENABLE_DEBUG_INFO = INCLUDE_SOURCE;
				MTL_FAST_MATH = YES;
				ONLY_ACTIVE_ARCH = YES;
				SDKROOT = iphoneos;
				SWIFT_ACTIVE_COMPILATION_CONDITIONS = DEBUG;
				SWIFT_OPTIMIZATION_LEVEL = "-Onone";
			};
			name = Debug;
		};
		1B26E89C22BE76760065CD46 /* Release */ = {
			isa = XCBuildConfiguration;
			buildSettings = {
				ALWAYS_SEARCH_USER_PATHS = NO;
				CLANG_ANALYZER_NONNULL = YES;
				CLANG_ANALYZER_NUMBER_OBJECT_CONVERSION = YES_AGGRESSIVE;
				CLANG_CXX_LANGUAGE_STANDARD = "gnu++14";
				CLANG_CXX_LIBRARY = "libc++";
				CLANG_ENABLE_MODULES = YES;
				CLANG_ENABLE_OBJC_ARC = YES;
				CLANG_ENABLE_OBJC_WEAK = YES;
				CLANG_WARN_BLOCK_CAPTURE_AUTORELEASING = YES;
				CLANG_WARN_BOOL_CONVERSION = YES;
				CLANG_WARN_COMMA = YES;
				CLANG_WARN_CONSTANT_CONVERSION = YES;
				CLANG_WARN_DEPRECATED_OBJC_IMPLEMENTATIONS = YES;
				CLANG_WARN_DIRECT_OBJC_ISA_USAGE = YES_ERROR;
				CLANG_WARN_DOCUMENTATION_COMMENTS = YES;
				CLANG_WARN_EMPTY_BODY = YES;
				CLANG_WARN_ENUM_CONVERSION = YES;
				CLANG_WARN_INFINITE_RECURSION = YES;
				CLANG_WARN_INT_CONVERSION = YES;
				CLANG_WARN_NON_LITERAL_NULL_CONVERSION = YES;
				CLANG_WARN_OBJC_IMPLICIT_RETAIN_SELF = YES;
				CLANG_WARN_OBJC_LITERAL_CONVERSION = YES;
				CLANG_WARN_OBJC_ROOT_CLASS = YES_ERROR;
				CLANG_WARN_RANGE_LOOP_ANALYSIS = YES;
				CLANG_WARN_STRICT_PROTOTYPES = YES;
				CLANG_WARN_SUSPICIOUS_MOVE = YES;
				CLANG_WARN_UNGUARDED_AVAILABILITY = YES_AGGRESSIVE;
				CLANG_WARN_UNREACHABLE_CODE = YES;
				CLANG_WARN__DUPLICATE_METHOD_MATCH = YES;
				CODE_SIGN_IDENTITY = "iPhone Developer";
				COPY_PHASE_STRIP = NO;
				DEBUG_INFORMATION_FORMAT = "dwarf-with-dsym";
				ENABLE_NS_ASSERTIONS = NO;
				ENABLE_STRICT_OBJC_MSGSEND = YES;
				GCC_C_LANGUAGE_STANDARD = gnu11;
				GCC_NO_COMMON_BLOCKS = YES;
				GCC_WARN_64_TO_32_BIT_CONVERSION = YES;
				GCC_WARN_ABOUT_RETURN_TYPE = YES_ERROR;
				GCC_WARN_UNDECLARED_SELECTOR = YES;
				GCC_WARN_UNINITIALIZED_AUTOS = YES_AGGRESSIVE;
				GCC_WARN_UNUSED_FUNCTION = YES;
				GCC_WARN_UNUSED_VARIABLE = YES;
				IPHONEOS_DEPLOYMENT_TARGET = 12.2;
				MTL_ENABLE_DEBUG_INFO = NO;
				MTL_FAST_MATH = YES;
				SDKROOT = iphoneos;
				SWIFT_COMPILATION_MODE = wholemodule;
				SWIFT_OPTIMIZATION_LEVEL = "-O";
				VALIDATE_PRODUCT = YES;
			};
			name = Release;
		};
		1B26E89E22BE76760065CD46 /* Debug */ = {
			isa = XCBuildConfiguration;
			baseConfigurationReference = F41165BBFB7D6A791A89DBC9 /* Pods-OCRSwift.debug.xcconfig */;
			buildSettings = {
				CODE_SIGN_STYLE = Automatic;
				DEVELOPMENT_TEAM = 7B7GXBVG2Q;
				FRAMEWORK_SEARCH_PATHS = (
					"$(inherited)",
					"$(PROJECT_DIR)/Carthage/Build/iOS",
				);
				INFOPLIST_FILE = OCRSwift/Info.plist;
				LD_RUNPATH_SEARCH_PATHS = (
					"$(inherited)",
					"@executable_path/Frameworks",
				);
				PRODUCT_BUNDLE_IDENTIFIER = com.sai.OCRSwift;
				PRODUCT_NAME = "$(TARGET_NAME)";
				SWIFT_VERSION = 5.0;
				TARGETED_DEVICE_FAMILY = "1,2";
			};
			name = Debug;
		};
		1B26E89F22BE76760065CD46 /* Release */ = {
			isa = XCBuildConfiguration;
			baseConfigurationReference = E3772FE623DCFC1C839D1931 /* Pods-OCRSwift.release.xcconfig */;
			buildSettings = {
				CODE_SIGN_STYLE = Automatic;
				DEVELOPMENT_TEAM = 7B7GXBVG2Q;
				FRAMEWORK_SEARCH_PATHS = (
					"$(inherited)",
					"$(PROJECT_DIR)/Carthage/Build/iOS",
				);
				INFOPLIST_FILE = OCRSwift/Info.plist;
				LD_RUNPATH_SEARCH_PATHS = (
					"$(inherited)",
					"@executable_path/Frameworks",
				);
				PRODUCT_BUNDLE_IDENTIFIER = com.sai.OCRSwift;
				PRODUCT_NAME = "$(TARGET_NAME)";
				SWIFT_VERSION = 5.0;
				TARGETED_DEVICE_FAMILY = "1,2";
			};
			name = Release;
		};
/* End XCBuildConfiguration section */

/* Begin XCConfigurationList section */
		1B26E88622BE76730065CD46 /* Build configuration list for PBXProject "OCRSwift" */ = {
			isa = XCConfigurationList;
			buildConfigurations = (
				1B26E89B22BE76760065CD46 /* Debug */,
				1B26E89C22BE76760065CD46 /* Release */,
			);
			defaultConfigurationIsVisible = 0;
			defaultConfigurationName = Release;
		};
		1B26E89D22BE76760065CD46 /* Build configuration list for PBXNativeTarget "OCRSwift" */ = {
			isa = XCConfigurationList;
			buildConfigurations = (
				1B26E89E22BE76760065CD46 /* Debug */,
				1B26E89F22BE76760065CD46 /* Release */,
			);
			defaultConfigurationIsVisible = 0;
			defaultConfigurationName = Release;
		};
/* End XCConfigurationList section */
	};
	rootObject = 1B26E88322BE76730065CD46 /* Project object */;
}
